
Microsoft Visual Studio Solution File, Format Version 12.00
# Visual Studio Version 17
VisualStudioVersion = 17.5.001.0
MinimumVisualStudioVersion = 10.0.40219.1
Project("{9A19103F-16F7-4668-BE54-9A1E7A4F7556}") = "Exercise 10", "Exercise 10.csproj", "{87C831E4-018E-47D2-AB28-E9C056244B14}"
EndProject
Global
	GlobalSection(SolutionConfigurationPlatforms) = preSolution
		Debug|Any CPU = Debug|Any CPU
		Release|Any CPU = Release|Any CPU
	EndGlobalSection
	GlobalSection(ProjectConfigurationPlatforms) = postSolution
		{87C831E4-018E-47D2-AB28-E9C056244B14}.Debug|Any CPU.ActiveCfg = Debug|Any CPU
		{87C831E4-018E-47D2-AB28-E9C056244B14}.Debug|Any CPU.Build.0 = Debug|Any CPU
		{87C831E4-018E-47D2-AB28-E9C056244B14}.Release|Any CPU.ActiveCfg = Release|Any CPU
		{87C831E4-018E-47D2-AB28-E9C056244B14}.Release|Any CPU.Build.0 = Release|Any CPU
	EndGlobalSection
	GlobalSection(SolutionProperties) = preSolution
		HideSolutionNode = FALSE
	EndGlobalSection
	GlobalSection(ExtensibilityGlobals) = postSolution
		SolutionGuid = {36C88A8B-8A63-4668-A538-79F2ED162863}
	EndGlobalSection
EndGlobal
